
Microsoft Visual Studio Solution File, Format Version 12.00
# Visual Studio Version 17
VisualStudioVersion = 17.3.32901.215
MinimumVisualStudioVersion = 10.0.40219.1
Project("{FAE04EC0-301F-11D3-BF4B-00C04F79EFBC}") = "form7", "form7\form7.csproj", "{DC2F0A4C-CD45-4D13-B347-4395BA2D9284}"
EndProject
Global
	GlobalSection(SolutionConfigurationPlatforms) = preSolution
		Debug|Any CPU = Debug|Any CPU
		Release|Any CPU = Release|Any CPU
	EndGlobalSection
	GlobalSection(ProjectConfigurationPlatforms) = postSolution
		{DC2F0A4C-CD45-4D13-B347-4395BA2D9284}.Debug|Any CPU.ActiveCfg = Debug|Any CPU
		{DC2F0A4C-CD45-4D13-B347-4395BA2D9284}.Debug|Any CPU.Build.0 = Debug|Any CPU
		{DC2F0A4C-CD45-4D13-B347-4395BA2D9284}.Release|Any CPU.ActiveCfg = Release|Any CPU
		{DC2F0A4C-CD45-4D13-B347-4395BA2D9284}.Release|Any CPU.Build.0 = Release|Any CPU
	EndGlobalSection
	GlobalSection(SolutionProperties) = preSolution
		HideSolutionNode = FALSE
	EndGlobalSection
	GlobalSection(ExtensibilityGlobals) = postSolution
		SolutionGuid = {4AD61C77-8AC9-4AF9-A6DC-A68911C20FA7}
	EndGlobalSection
EndGlobal
